
Microsoft Visual Studio Solution File, Format Version 12.00
# Visual Studio 15
VisualStudioVersion = 15.0.28307.329
MinimumVisualStudioVersion = 10.0.40219.1
Project("{FAE04EC0-301F-11D3-BF4B-00C04F79EFBC}") = "FinalProject", "FinalProject\FinalProject.csproj", "{FB8014BB-3FED-4D48-B866-979F9B8FE670}"
EndProject
Global
	GlobalSection(SolutionConfigurationPlatforms) = preSolution
		Debug|Any CPU = Debug|Any CPU
		Release|Any CPU = Release|Any CPU
	EndGlobalSection
	GlobalSection(ProjectConfigurationPlatforms) = postSolution
		{FB8014BB-3FED-4D48-B866-979F9B8FE670}.Debug|Any CPU.ActiveCfg = Debug|Any CPU
		{FB8014BB-3FED-4D48-B866-979F9B8FE670}.Debug|Any CPU.Build.0 = Debug|Any CPU
		{FB8014BB-3FED-4D48-B866-979F9B8FE670}.Release|Any CPU.ActiveCfg = Release|Any CPU
		{FB8014BB-3FED-4D48-B866-979F9B8FE670}.Release|Any CPU.Build.0 = Release|Any CPU
	EndGlobalSection
	GlobalSection(SolutionProperties) = preSolution
		HideSolutionNode = FALSE
	EndGlobalSection
	GlobalSection(ExtensibilityGlobals) = postSolution
		SolutionGuid = {A55D4BDD-E70B-4AAC-8420-3D4965E32F83}
	EndGlobalSection
EndGlobal
